// !$*UTF8*$!
{
	archiveVersion = 1;
	classes = {
	};
	objectVersion = 50;
	objects = {

/* Begin PBXBuildFile section */
		0F2355A0219B59750079C62F /* AppDelegate.swift in Sources */ = {isa = PBXBuildFile; fileRef = 0F23559F219B59750079C62F /* AppDelegate.swift */; };
		0F2355A2219B59750079C62F /* ViewController.swift in Sources */ = {isa = PBXBuildFile; fileRef = 0F2355A1219B59750079C62F /* ViewController.swift */; };
		0F2355A5219B59750079C62F /* Main.storyboard in Resources */ = {isa = PBXBuildFile; fileRef = 0F2355A3219B59750079C62F /* Main.storyboard */; };
		0F2355A7219B59790079C62F /* Assets.xcassets in Resources */ = {isa = PBXBuildFile; fileRef = 0F2355A6219B59790079C62F /* Assets.xcassets */; };
		0F2355AF219CA52F0079C62F /* UIimageViewExtension.swift in Sources */ = {isa = PBXBuildFile; fileRef = 0F2355AE219CA52E0079C62F /* UIimageViewExtension.swift */; };
		0F2355B3219DECF30079C62F /* Weather.swift in Sources */ = {isa = PBXBuildFile; fileRef = 0F2355B2219DECF30079C62F /* Weather.swift */; };
		0F80062721C9491B004795C6 /* TempConversion.swift in Sources */ = {isa = PBXBuildFile; fileRef = 0F80062621C9491B004795C6 /* TempConversion.swift */; };
		0F80062921C94968004795C6 /* DataModel.swift in Sources */ = {isa = PBXBuildFile; fileRef = 0F80062821C94968004795C6 /* DataModel.swift */; };
		0F80062B21C94A19004795C6 /* LocationFinderExtension.swift in Sources */ = {isa = PBXBuildFile; fileRef = 0F80062A21C94A19004795C6 /* LocationFinderExtension.swift */; };
		0F80062D21C94A9D004795C6 /* BackgroundImage.swift in Sources */ = {isa = PBXBuildFile; fileRef = 0F80062C21C94A9D004795C6 /* BackgroundImage.swift */; };
		0F80062F21C94B6D004795C6 /* getCurrentDateAndTime.swift in Sources */ = {isa = PBXBuildFile; fileRef = 0F80062E21C94B6D004795C6 /* getCurrentDateAndTime.swift */; };
/* End PBXBuildFile section */

/* Begin PBXFileReference section */
		0F23559C219B59750079C62F /* Daily Dashboard.app */ = {isa = PBXFileReference; explicitFileType = wrapper.application; includeInIndex = 0; path = "Daily Dashboard.app"; sourceTree = BUILT_PRODUCTS_DIR; };
		0F23559F219B59750079C62F /* AppDelegate.swift */ = {isa = PBXFileReference; lastKnownFileType = sourcecode.swift; path = AppDelegate.swift; sourceTree = "<group>"; };
		0F2355A1219B59750079C62F /* ViewController.swift */ = {isa = PBXFileReference; lastKnownFileType = sourcecode.swift; path = ViewController.swift; sourceTree = "<group>"; };
		0F2355A4219B59750079C62F /* Base */ = {isa = PBXFileReference; lastKnownFileType = file.storyboard; name = Base; path = Base.lproj/Main.storyboard; sourceTree = "<group>"; };
		0F2355A6219B59790079C62F /* Assets.xcassets */ = {isa = PBXFileReference; lastKnownFileType = folder.assetcatalog; path = Assets.xcassets; sourceTree = "<group>"; };
		0F2355A8219B59790079C62F /* Info.plist */ = {isa = PBXFileReference; lastKnownFileType = text.plist.xml; path = Info.plist; sourceTree = "<group>"; };
		0F2355AE219CA52E0079C62F /* UIimageViewExtension.swift */ = {isa = PBXFileReference; lastKnownFileType = sourcecode.swift; path = UIimageViewExtension.swift; sourceTree = "<group>"; };
		0F2355B2219DECF30079C62F /* Weather.swift */ = {isa = PBXFileReference; lastKnownFileType = sourcecode.swift; path = Weather.swift; sourceTree = "<group>"; };
		0F80062621C9491B004795C6 /* TempConversion.swift */ = {isa = PBXFileReference; lastKnownFileType = sourcecode.swift; path = TempConversion.swift; sourceTree = "<group>"; };
		0F80062821C94968004795C6 /* DataModel.swift */ = {isa = PBXFileReference; lastKnownFileType = sourcecode.swift; path = DataModel.swift; sourceTree = "<group>"; };
		0F80062A21C94A19004795C6 /* LocationFinderExtension.swift */ = {isa = PBXFileReference; lastKnownFileType = sourcecode.swift; path = LocationFinderExtension.swift; sourceTree = "<group>"; };
		0F80062C21C94A9D004795C6 /* BackgroundImage.swift */ = {isa = PBXFileReference; lastKnownFileType = sourcecode.swift; path = BackgroundImage.swift; sourceTree = "<group>"; };
		0F80062E21C94B6D004795C6 /* getCurrentDateAndTime.swift */ = {isa = PBXFileReference; lastKnownFileType = sourcecode.swift; path = getCurrentDateAndTime.swift; sourceTree = "<group>"; };
/* End PBXFileReference section */

/* Begin PBXFrameworksBuildPhase section */
		0F235599219B59750079C62F /* Frameworks */ = {
			isa = PBXFrameworksBuildPhase;
			buildActionMask = 2147483647;
			files = (
			);
			runOnlyForDeploymentPostprocessing = 0;
		};
/* End PBXFrameworksBuildPhase section */

/* Begin PBXGroup section */
		0F235593219B59750079C62F = {
			isa = PBXGroup;
			children = (
				0F23559E219B59750079C62F /* Daily Dashboard */,
				0F23559D219B59750079C62F /* Products */,
			);
			sourceTree = "<group>";
		};
		0F23559D219B59750079C62F /* Products */ = {
			isa = PBXGroup;
			children = (
				0F23559C219B59750079C62F /* Daily Dashboard.app */,
			);
			name = Products;
			sourceTree = "<group>";
		};
		0F23559E219B59750079C62F /* Daily Dashboard */ = {
			isa = PBXGroup;
			children = (
				0F23559F219B59750079C62F /* AppDelegate.swift */,
				0F2355A1219B59750079C62F /* ViewController.swift */,
				0F80062E21C94B6D004795C6 /* getCurrentDateAndTime.swift */,
				0F80062C21C94A9D004795C6 /* BackgroundImage.swift */,
				0F2355B2219DECF30079C62F /* Weather.swift */,
				0F80062621C9491B004795C6 /* TempConversion.swift */,
				0F80062821C94968004795C6 /* DataModel.swift */,
				0F2355A3219B59750079C62F /* Main.storyboard */,
				0F2355AE219CA52E0079C62F /* UIimageViewExtension.swift */,
				0F80062A21C94A19004795C6 /* LocationFinderExtension.swift */,
				0F2355A6219B59790079C62F /* Assets.xcassets */,
				0F2355A8219B59790079C62F /* Info.plist */,
			);
			path = "Daily Dashboard";
			sourceTree = "<group>";
		};
/* End PBXGroup section */

/* Begin PBXNativeTarget section */
		0F23559B219B59750079C62F /* Daily Dashboard */ = {
			isa = PBXNativeTarget;
			buildConfigurationList = 0F2355AB219B59790079C62F /* Build configuration list for PBXNativeTarget "Daily Dashboard" */;
			buildPhases = (
				0F235598219B59750079C62F /* Sources */,
				0F235599219B59750079C62F /* Frameworks */,
				0F23559A219B59750079C62F /* Resources */,
			);
			buildRules = (
			);
			dependencies = (
			);
			name = "Daily Dashboard";
			productName = "Daily Dashboard";
			productReference = 0F23559C219B59750079C62F /* Daily Dashboard.app */;
			productType = "com.apple.product-type.application";
		};
/* End PBXNativeTarget section */

/* Begin PBXProject section */
		0F235594219B59750079C62F /* Project object */ = {
			isa = PBXProject;
			attributes = {
				LastSwiftUpdateCheck = 1000;
				LastUpgradeCheck = 1000;
				ORGANIZATIONNAME = "Travis Brigman";
				TargetAttributes = {
					0F23559B219B59750079C62F = {
						CreatedOnToolsVersion = 10.0;
					};
				};
			};
			buildConfigurationList = 0F235597219B59750079C62F /* Build configuration list for PBXProject "Daily Dashboard" */;
			compatibilityVersion = "Xcode 9.3";
			developmentRegion = en;
			hasScannedForEncodings = 0;
			knownRegions = (
				en,
				Base,
			);
			mainGroup = 0F235593219B59750079C62F;
			productRefGroup = 0F23559D219B59750079C62F /* Products */;
			projectDirPath = "";
			projectRoot = "";
			targets = (
				0F23559B219B59750079C62F /* Daily Dashboard */,
			);
		};
/* End PBXProject section */

/* Begin PBXResourcesBuildPhase section */
		0F23559A219B59750079C62F /* Resources */ = {
			isa = PBXResourcesBuildPhase;
			buildActionMask = 2147483647;
			files = (
				0F2355A7219B59790079C62F /* Assets.xcassets in Resources */,
				0F2355A5219B59750079C62F /* Main.storyboard in Resources */,
			);
			runOnlyForDeploymentPostprocessing = 0;
		};
/* End PBXResourcesBuildPhase section */

/* Begin PBXSourcesBuildPhase section */
		0F235598219B59750079C62F /* Sources */ = {
			isa = PBXSourcesBuildPhase;
			buildActionMask = 2147483647;
			files = (
				0F2355B3219DECF30079C62F /* Weather.swift in Sources */,
				0F80062B21C94A19004795C6 /* LocationFinderExtension.swift in Sources */,
				0F2355A2219B59750079C62F /* ViewController.swift in Sources */,
				0F80062D21C94A9D004795C6 /* BackgroundImage.swift in Sources */,
				0F2355AF219CA52F0079C62F /* UIimageViewExtension.swift in Sources */,
				0F80062721C9491B004795C6 /* TempConversion.swift in Sources */,
				0F2355A0219B59750079C62F /* AppDelegate.swift in Sources */,
				0F80062F21C94B6D004795C6 /* getCurrentDateAndTime.swift in Sources */,
				0F80062921C94968004795C6 /* DataModel.swift in Sources */,
			);
			runOnlyForDeploymentPostprocessing = 0;
		};
/* End PBXSourcesBuildPhase section */

/* Begin PBXVariantGroup section */
		0F2355A3219B59750079C62F /* Main.storyboard */ = {
			isa = PBXVariantGroup;
			children = (
				0F2355A4219B59750079C62F /* Base */,
			);
			name = Main.storyboard;
			sourceTree = "<group>";
		};
/* End PBXVariantGroup section */

/* Begin XCBuildConfiguration section */
		0F2355A9219B59790079C62F /* Debug */ = {
			isa = XCBuildConfiguration;
			buildSettings = {
				ALWAYS_SEARCH_USER_PATHS = NO;
				CLANG_ANALYZER_NONNULL = YES;
				CLANG_ANALYZER_NUMBER_OBJECT_CONVERSION = YES_AGGRESSIVE;
				CLANG_CXX_LANGUAGE_STANDARD = "gnu++14";
				CLANG_CXX_LIBRARY = "libc++";
				CLANG_ENABLE_MODULES = YES;
				CLANG_ENABLE_OBJC_ARC = YES;
				CLANG_ENABLE_OBJC_WEAK = YES;
				CLANG_WARN_BLOCK_CAPTURE_AUTORELEASING = YES;
				CLANG_WARN_BOOL_CONVERSION = YES;
				CLANG_WARN_COMMA = YES;
				CLANG_WARN_CONSTANT_CONVERSION = YES;
				CLANG_WARN_DEPRECATED_OBJC_IMPLEMENTATIONS = YES;
				CLANG_WARN_DIRECT_OBJC_ISA_USAGE = YES_ERROR;
				CLANG_WARN_DOCUMENTATION_COMMENTS = YES;
				CLANG_WARN_EMPTY_BODY = YES;
				CLANG_WARN_ENUM_CONVERSION = YES;
				CLANG_WARN_INFINITE_RECURSION = YES;
				CLANG_WARN_INT_CONVERSION = YES;
				CLANG_WARN_NON_LITERAL_NULL_CONVERSION = YES;
				CLANG_WARN_OBJC_IMPLICIT_RETAIN_SELF = YES;
				CLANG_WARN_OBJC_LITERAL_CONVERSION = YES;
				CLANG_WARN_OBJC_ROOT_CLASS = YES_ERROR;
				CLANG_WARN_RANGE_LOOP_ANALYSIS = YES;
				CLANG_WARN_STRICT_PROTOTYPES = YES;
				CLANG_WARN_SUSPICIOUS_MOVE = YES;
				CLANG_WARN_UNGUARDED_AVAILABILITY = YES_AGGRESSIVE;
				CLANG_WARN_UNREACHABLE_CODE = YES;
				CLANG_WARN__DUPLICATE_METHOD_MATCH = YES;
				COPY_PHASE_STRIP = NO;
				DEBUG_INFORMATION_FORMAT = dwarf;
				ENABLE_STRICT_OBJC_MSGSEND = YES;
				ENABLE_TESTABILITY = YES;
				GCC_C_LANGUAGE_STANDARD = gnu11;
				GCC_DYNAMIC_NO_PIC = NO;
				GCC_NO_COMMON_BLOCKS = YES;
				GCC_OPTIMIZATION_LEVEL = 0;
				GCC_PREPROCESSOR_DEFINITIONS = (
					"DEBUG=1",
					"$(inherited)",
				);
				GCC_WARN_64_TO_32_BIT_CONVERSION = YES;
				GCC_WARN_ABOUT_RETURN_TYPE = YES_ERROR;
				GCC_WARN_UNDECLARED_SELECTOR = YES;
				GCC_WARN_UNINITIALIZED_AUTOS = YES_AGGRESSIVE;
				GCC_WARN_UNUSED_FUNCTION = YES;
				GCC_WARN_UNUSED_VARIABLE = YES;
				MTL_ENABLE_DEBUG_INFO = INCLUDE_SOURCE;
				MTL_FAST_MATH = YES;
				ONLY_ACTIVE_ARCH = YES;
				SDKROOT = appletvos;
				SWIFT_ACTIVE_COMPILATION_CONDITIONS = DEBUG;
				SWIFT_OPTIMIZATION_LEVEL = "-Onone";
				TVOS_DEPLOYMENT_TARGET = 12.0;
			};
			name = Debug;
		};
		0F2355AA219B59790079C62F /* Release */ = {
			isa = XCBuildConfiguration;
			buildSettings = {
				ALWAYS_SEARCH_USER_PATHS = NO;
				CLANG_ANALYZER_NONNULL = YES;
				CLANG_ANALYZER_NUMBER_OBJECT_CONVERSION = YES_AGGRESSIVE;
				CLANG_CXX_LANGUAGE_STANDARD = "gnu++14";
				CLANG_CXX_LIBRARY = "libc++";
				CLANG_ENABLE_MODULES = YES;
				CLANG_ENABLE_OBJC_ARC = YES;
				CLANG_ENABLE_OBJC_WEAK = YES;
				CLANG_WARN_BLOCK_CAPTURE_AUTORELEASING = YES;
				CLANG_WARN_BOOL_CONVERSION = YES;
				CLANG_WARN_COMMA = YES;
				CLANG_WARN_CONSTANT_CONVERSION = YES;
				CLANG_WARN_DEPRECATED_OBJC_IMPLEMENTATIONS = YES;
				CLANG_WARN_DIRECT_OBJC_ISA_USAGE = YES_ERROR;
				CLANG_WARN_DOCUMENTATION_COMMENTS = YES;
				CLANG_WARN_EMPTY_BODY = YES;
				CLANG_WARN_ENUM_CONVERSION = YES;
				CLANG_WARN_INFINITE_RECURSION = YES;
				CLANG_WARN_INT_CONVERSION = YES;
				CLANG_WARN_NON_LITERAL_NULL_CONVERSION = YES;
				CLANG_WARN_OBJC_IMPLICIT_RETAIN_SELF = YES;
				CLANG_WARN_OBJC_LITERAL_CONVERSION = YES;
				CLANG_WARN_OBJC_ROOT_CLASS = YES_ERROR;
				CLANG_WARN_RANGE_LOOP_ANALYSIS = YES;
				CLANG_WARN_STRICT_PROTOTYPES = YES;
				CLANG_WARN_SUSPICIOUS_MOVE = YES;
				CLANG_WARN_UNGUARDED_AVAILABILITY = YES_AGGRESSIVE;
				CLANG_WARN_UNREACHABLE_CODE = YES;
				CLANG_WARN__DUPLICATE_METHOD_MATCH = YES;
				COPY_PHASE_STRIP = NO;
				DEBUG_INFORMATION_FORMAT = "dwarf-with-dsym";
				ENABLE_NS_ASSERTIONS = NO;
				ENABLE_STRICT_OBJC_MSGSEND = YES;
				GCC_C_LANGUAGE_STANDARD = gnu11;
				GCC_NO_COMMON_BLOCKS = YES;
				GCC_WARN_64_TO_32_BIT_CONVERSION = YES;
				GCC_WARN_ABOUT_RETURN_TYPE = YES_ERROR;
				GCC_WARN_UNDECLARED_SELECTOR = YES;
				GCC_WARN_UNINITIALIZED_AUTOS = YES_AGGRESSIVE;
				GCC_WARN_UNUSED_FUNCTION = YES;
				GCC_WARN_UNUSED_VARIABLE = YES;
				MTL_ENABLE_DEBUG_INFO = NO;
				MTL_FAST_MATH = YES;
				SDKROOT = appletvos;
				SWIFT_COMPILATION_MODE = wholemodule;
				SWIFT_OPTIMIZATION_LEVEL = "-O";
				TVOS_DEPLOYMENT_TARGET = 12.0;
				VALIDATE_PRODUCT = YES;
			};
			name = Release;
		};
		0F2355AC219B59790079C62F /* Debug */ = {
			isa = XCBuildConfiguration;
			buildSettings = {
				ASSETCATALOG_COMPILER_APPICON_NAME = "App Icon & Top Shelf Image";
				ASSETCATALOG_COMPILER_LAUNCHIMAGE_NAME = LaunchImage;
				CODE_SIGN_STYLE = Automatic;
				DEVELOPMENT_TEAM = 73X37M5BQV;
				INFOPLIST_FILE = "Daily Dashboard/Info.plist";
				LD_RUNPATH_SEARCH_PATHS = (
					"$(inherited)",
					"@executable_path/Frameworks",
				);
				PRODUCT_BUNDLE_IDENTIFIER = "TravisRBrigman.Daily-Dashboard";
				PRODUCT_NAME = "$(TARGET_NAME)";
				SWIFT_VERSION = 4.2;
				TARGETED_DEVICE_FAMILY = 3;
			};
			name = Debug;
		};
		0F2355AD219B59790079C62F /* Release */ = {
			isa = XCBuildConfiguration;
			buildSettings = {
				ASSETCATALOG_COMPILER_APPICON_NAME = "App Icon & Top Shelf Image";
				ASSETCATALOG_COMPILER_LAUNCHIMAGE_NAME = LaunchImage;
				CODE_SIGN_STYLE = Automatic;
				DEVELOPMENT_TEAM = 73X37M5BQV;
				INFOPLIST_FILE = "Daily Dashboard/Info.plist";
				LD_RUNPATH_SEARCH_PATHS = (
					"$(inherited)",
					"@executable_path/Frameworks",
				);
				PRODUCT_BUNDLE_IDENTIFIER = "TravisRBrigman.Daily-Dashboard";
				PRODUCT_NAME = "$(TARGET_NAME)";
				SWIFT_VERSION = 4.2;
				TARGETED_DEVICE_FAMILY = 3;
			};
			name = Release;
		};
/* End XCBuildConfiguration section */

/* Begin XCConfigurationList section */
		0F235597219B59750079C62F /* Build configuration list for PBXProject "Daily Dashboard" */ = {
			isa = XCConfigurationList;
			buildConfigurations = (
				0F2355A9219B59790079C62F /* Debug */,
				0F2355AA219B59790079C62F /* Release */,
			);
			defaultConfigurationIsVisible = 0;
			defaultConfigurationName = Release;
		};
		0F2355AB219B59790079C62F /* Build configuration list for PBXNativeTarget "Daily Dashboard" */ = {
			isa = XCConfigurationList;
			buildConfigurations = (
				0F2355AC219B59790079C62F /* Debug */,
				0F2355AD219B59790079C62F /* Release */,
			);
			defaultConfigurationIsVisible = 0;
			defaultConfigurationName = Release;
		};
/* End XCConfigurationList section */
	};
	rootObject = 0F235594219B59750079C62F /* Project object */;
}
